
Microsoft Visual Studio Solution File, Format Version 12.00
# Visual Studio Version 16
VisualStudioVersion = 16.0.29215.179
MinimumVisualStudioVersion = 10.0.40219.1
Project("{FAE04EC0-301F-11D3-BF4B-00C04F79EFBC}") = "ProjectName.UI", "ProjectName.UI\ProjectName.UI.csproj", "{4F9AD3A7-3172-4DE8-98E8-E22C5BC99C90}"
EndProject
Project("{FAE04EC0-301F-11D3-BF4B-00C04F79EFBC}") = "ProjectName.Domain", "ProjectName.Domain\ProjectName.Domain.csproj", "{4EA4A5C2-F4BF-48A0-86EF-EC0C3C7B95EB}"
EndProject
Project("{FAE04EC0-301F-11D3-BF4B-00C04F79EFBC}") = "ProjectName.Infrastructure", "ProjectName.Infrastructure\ProjectName.Infrastructure.csproj", "{12A8F098-A5CC-40C9-9CD1-443F3609AD7D}"
EndProject
Global
	GlobalSection(SolutionConfigurationPlatforms) = preSolution
		Debug|Any CPU = Debug|Any CPU
		Release|Any CPU = Release|Any CPU
	EndGlobalSection
	GlobalSection(ProjectConfigurationPlatforms) = postSolution
		{4F9AD3A7-3172-4DE8-98E8-E22C5BC99C90}.Debug|Any CPU.ActiveCfg = Debug|Any CPU
		{4F9AD3A7-3172-4DE8-98E8-E22C5BC99C90}.Debug|Any CPU.Build.0 = Debug|Any CPU
		{4F9AD3A7-3172-4DE8-98E8-E22C5BC99C90}.Release|Any CPU.ActiveCfg = Release|Any CPU
		{4F9AD3A7-3172-4DE8-98E8-E22C5BC99C90}.Release|Any CPU.Build.0 = Release|Any CPU
		{4EA4A5C2-F4BF-48A0-86EF-EC0C3C7B95EB}.Debug|Any CPU.ActiveCfg = Debug|Any CPU
		{4EA4A5C2-F4BF-48A0-86EF-EC0C3C7B95EB}.Debug|Any CPU.Build.0 = Debug|Any CPU
		{4EA4A5C2-F4BF-48A0-86EF-EC0C3C7B95EB}.Release|Any CPU.ActiveCfg = Release|Any CPU
		{4EA4A5C2-F4BF-48A0-86EF-EC0C3C7B95EB}.Release|Any CPU.Build.0 = Release|Any CPU
		{12A8F098-A5CC-40C9-9CD1-443F3609AD7D}.Debug|Any CPU.ActiveCfg = Debug|Any CPU
		{12A8F098-A5CC-40C9-9CD1-443F3609AD7D}.Debug|Any CPU.Build.0 = Debug|Any CPU
		{12A8F098-A5CC-40C9-9CD1-443F3609AD7D}.Release|Any CPU.ActiveCfg = Release|Any CPU
		{12A8F098-A5CC-40C9-9CD1-443F3609AD7D}.Release|Any CPU.Build.0 = Release|Any CPU
	EndGlobalSection
	GlobalSection(SolutionProperties) = preSolution
		HideSolutionNode = FALSE
	EndGlobalSection
	GlobalSection(ExtensibilityGlobals) = postSolution
		SolutionGuid = {46DBED08-B4BC-4A7B-8E9D-C78D111B8D29}
	EndGlobalSection
EndGlobal
